// !$*UTF8*$!
{
	archiveVersion = 1;
	classes = {
	};
	objectVersion = 50;
	objects = {

/* Begin PBXBuildFile section */
		572963B0231D031B006A7A00 /* LinkedList.swift in Sources */ = {isa = PBXBuildFile; fileRef = 572963AF231D031B006A7A00 /* LinkedList.swift */; };
		572963B4231D0344006A7A00 /* LinkedListTests.swift in Sources */ = {isa = PBXBuildFile; fileRef = 572963B3231D0344006A7A00 /* LinkedListTests.swift */; };
		57A133BC234CA776006BA47B /* Stack.swift in Sources */ = {isa = PBXBuildFile; fileRef = 57A133BB234CA776006BA47B /* Stack.swift */; };
		57A133C0234CA78F006BA47B /* StackTests.swift in Sources */ = {isa = PBXBuildFile; fileRef = 57A133BF234CA78F006BA47B /* StackTests.swift */; };
		57A6DFBD230D214D0090B420 /* Array+BubbleSort.swift in Sources */ = {isa = PBXBuildFile; fileRef = 57A6DFBC230D214D0090B420 /* Array+BubbleSort.swift */; };
		57A6DFC0230D21900090B420 /* ArrayBubbleSortTests.swift in Sources */ = {isa = PBXBuildFile; fileRef = 57A6DFBF230D21900090B420 /* ArrayBubbleSortTests.swift */; };
		57CB75CE2304283100000035 /* AppDelegate.swift in Sources */ = {isa = PBXBuildFile; fileRef = 57CB75CD2304283100000035 /* AppDelegate.swift */; };
		57CB75F42304289300000035 /* Assets.xcassets in Resources */ = {isa = PBXBuildFile; fileRef = 57CB75EF2304289300000035 /* Assets.xcassets */; };
		57CB75F82304289E00000035 /* LaunchScreen.storyboard in Resources */ = {isa = PBXBuildFile; fileRef = 57CB75F62304289E00000035 /* LaunchScreen.storyboard */; };
		57CB760123042BDC00000035 /* Array+InsertionSort.swift in Sources */ = {isa = PBXBuildFile; fileRef = 57CB760023042BDC00000035 /* Array+InsertionSort.swift */; };
		57CB760423042CE300000035 /* ArrayInsertionSortTests.swift in Sources */ = {isa = PBXBuildFile; fileRef = 57CB760323042CE300000035 /* ArrayInsertionSortTests.swift */; };
		57CB760723042EAB00000035 /* main.swift in Sources */ = {isa = PBXBuildFile; fileRef = 57CB760623042EAB00000035 /* main.swift */; };
		57D724A6231564B3002A215A /* Array+SelectionSort.swift in Sources */ = {isa = PBXBuildFile; fileRef = 57D724A5231564B3002A215A /* Array+SelectionSort.swift */; };
		57D724A92315650B002A215A /* ArraySelectionSortTests.swift in Sources */ = {isa = PBXBuildFile; fileRef = 57D724A82315650B002A215A /* ArraySelectionSortTests.swift */; };
		57DCB6CD230BD4CF007AEE63 /* Array+MergeSort.swift in Sources */ = {isa = PBXBuildFile; fileRef = 57DCB6CC230BD4CF007AEE63 /* Array+MergeSort.swift */; };
		57DCB6D0230BD538007AEE63 /* ArrayMergeSortTests.swift in Sources */ = {isa = PBXBuildFile; fileRef = 57DCB6CF230BD538007AEE63 /* ArrayMergeSortTests.swift */; };
		57DCB6D5230BDD77007AEE63 /* SortingArrayTests.swift in Sources */ = {isa = PBXBuildFile; fileRef = 57DCB6D4230BDD77007AEE63 /* SortingArrayTests.swift */; };
		57DDB2502317FBF800B839DA /* Collection+FindMatch.swift in Sources */ = {isa = PBXBuildFile; fileRef = 57DDB24F2317FBF800B839DA /* Collection+FindMatch.swift */; };
		57DDB2542317FD4600B839DA /* CollectionFindMatchTests.swift in Sources */ = {isa = PBXBuildFile; fileRef = 57DDB2532317FD4600B839DA /* CollectionFindMatchTests.swift */; };
		8441068D5E6BA5755153C973 /* Pods_AlgorithmsAndDataStructuresTests.framework in Frameworks */ = {isa = PBXBuildFile; fileRef = 931AD845268A44E636B73D94 /* Pods_AlgorithmsAndDataStructuresTests.framework */; };
		C4CA8FCAAED4C7421D91EC6A /* Pods_AlgorithmsAndDataStructures.framework in Frameworks */ = {isa = PBXBuildFile; fileRef = 9112F1FEE1A5F124F36D52A8 /* Pods_AlgorithmsAndDataStructures.framework */; };
/* End PBXBuildFile section */

/* Begin PBXContainerItemProxy section */
		57CB75DF2304283200000035 /* PBXContainerItemProxy */ = {
			isa = PBXContainerItemProxy;
			containerPortal = 57CB75C22304283100000035 /* Project object */;
			proxyType = 1;
			remoteGlobalIDString = 57CB75C92304283100000035;
			remoteInfo = AlgorithmsAndDataStructures;
		};
/* End PBXContainerItemProxy section */

/* Begin PBXFileReference section */
		572963AF231D031B006A7A00 /* LinkedList.swift */ = {isa = PBXFileReference; lastKnownFileType = sourcecode.swift; path = LinkedList.swift; sourceTree = "<group>"; };
		572963B3231D0344006A7A00 /* LinkedListTests.swift */ = {isa = PBXFileReference; lastKnownFileType = sourcecode.swift; path = LinkedListTests.swift; sourceTree = "<group>"; };
		57A133BB234CA776006BA47B /* Stack.swift */ = {isa = PBXFileReference; lastKnownFileType = sourcecode.swift; path = Stack.swift; sourceTree = "<group>"; };
		57A133BF234CA78F006BA47B /* StackTests.swift */ = {isa = PBXFileReference; lastKnownFileType = sourcecode.swift; path = StackTests.swift; sourceTree = "<group>"; };
		57A6DFBC230D214D0090B420 /* Array+BubbleSort.swift */ = {isa = PBXFileReference; lastKnownFileType = sourcecode.swift; path = "Array+BubbleSort.swift"; sourceTree = "<group>"; };
		57A6DFBF230D21900090B420 /* ArrayBubbleSortTests.swift */ = {isa = PBXFileReference; lastKnownFileType = sourcecode.swift; path = ArrayBubbleSortTests.swift; sourceTree = "<group>"; };
		57CB75CA2304283100000035 /* AlgorithmsAndDataStructures.app */ = {isa = PBXFileReference; explicitFileType = wrapper.application; includeInIndex = 0; path = AlgorithmsAndDataStructures.app; sourceTree = BUILT_PRODUCTS_DIR; };
		57CB75CD2304283100000035 /* AppDelegate.swift */ = {isa = PBXFileReference; lastKnownFileType = sourcecode.swift; path = AppDelegate.swift; sourceTree = "<group>"; };
		57CB75DE2304283200000035 /* AlgorithmsAndDataStructuresTests.xctest */ = {isa = PBXFileReference; explicitFileType = wrapper.cfbundle; includeInIndex = 0; path = AlgorithmsAndDataStructuresTests.xctest; sourceTree = BUILT_PRODUCTS_DIR; };
		57CB75E42304283200000035 /* Info.plist */ = {isa = PBXFileReference; lastKnownFileType = text.plist.xml; path = Info.plist; sourceTree = "<group>"; };
		57CB75EE2304289300000035 /* Info.plist */ = {isa = PBXFileReference; fileEncoding = 4; lastKnownFileType = text.plist.xml; path = Info.plist; sourceTree = "<group>"; };
		57CB75EF2304289300000035 /* Assets.xcassets */ = {isa = PBXFileReference; lastKnownFileType = folder.assetcatalog; path = Assets.xcassets; sourceTree = "<group>"; };
		57CB75F72304289E00000035 /* Base */ = {isa = PBXFileReference; lastKnownFileType = file.storyboard; name = Base; path = Base.lproj/LaunchScreen.storyboard; sourceTree = "<group>"; };
		57CB760023042BDC00000035 /* Array+InsertionSort.swift */ = {isa = PBXFileReference; lastKnownFileType = sourcecode.swift; path = "Array+InsertionSort.swift"; sourceTree = "<group>"; };
		57CB760323042CE300000035 /* ArrayInsertionSortTests.swift */ = {isa = PBXFileReference; lastKnownFileType = sourcecode.swift; path = ArrayInsertionSortTests.swift; sourceTree = "<group>"; };
		57CB760623042EAB00000035 /* main.swift */ = {isa = PBXFileReference; fileEncoding = 4; lastKnownFileType = sourcecode.swift; path = main.swift; sourceTree = "<group>"; };
		57D724A5231564B3002A215A /* Array+SelectionSort.swift */ = {isa = PBXFileReference; lastKnownFileType = sourcecode.swift; path = "Array+SelectionSort.swift"; sourceTree = "<group>"; };
		57D724A82315650B002A215A /* ArraySelectionSortTests.swift */ = {isa = PBXFileReference; lastKnownFileType = sourcecode.swift; path = ArraySelectionSortTests.swift; sourceTree = "<group>"; };
		57DCB6CC230BD4CF007AEE63 /* Array+MergeSort.swift */ = {isa = PBXFileReference; lastKnownFileType = sourcecode.swift; path = "Array+MergeSort.swift"; sourceTree = "<group>"; };
		57DCB6CF230BD538007AEE63 /* ArrayMergeSortTests.swift */ = {isa = PBXFileReference; lastKnownFileType = sourcecode.swift; path = ArrayMergeSortTests.swift; sourceTree = "<group>"; };
		57DCB6D4230BDD77007AEE63 /* SortingArrayTests.swift */ = {isa = PBXFileReference; lastKnownFileType = sourcecode.swift; path = SortingArrayTests.swift; sourceTree = "<group>"; };
		57DDB24F2317FBF800B839DA /* Collection+FindMatch.swift */ = {isa = PBXFileReference; lastKnownFileType = sourcecode.swift; path = "Collection+FindMatch.swift"; sourceTree = "<group>"; };
		57DDB2532317FD4600B839DA /* CollectionFindMatchTests.swift */ = {isa = PBXFileReference; lastKnownFileType = sourcecode.swift; path = CollectionFindMatchTests.swift; sourceTree = "<group>"; };
		7900D667DEABFE2D80CC85A5 /* Pods-AlgorithmsAndDataStructures.debug.xcconfig */ = {isa = PBXFileReference; includeInIndex = 1; lastKnownFileType = text.xcconfig; name = "Pods-AlgorithmsAndDataStructures.debug.xcconfig"; path = "Target Support Files/Pods-AlgorithmsAndDataStructures/Pods-AlgorithmsAndDataStructures.debug.xcconfig"; sourceTree = "<group>"; };
		7BC25CE143F0373658FED756 /* Pods-AlgorithmsAndDataStructuresTests.release.xcconfig */ = {isa = PBXFileReference; includeInIndex = 1; lastKnownFileType = text.xcconfig; name = "Pods-AlgorithmsAndDataStructuresTests.release.xcconfig"; path = "Target Support Files/Pods-AlgorithmsAndDataStructuresTests/Pods-AlgorithmsAndDataStructuresTests.release.xcconfig"; sourceTree = "<group>"; };
		9112F1FEE1A5F124F36D52A8 /* Pods_AlgorithmsAndDataStructures.framework */ = {isa = PBXFileReference; explicitFileType = wrapper.framework; includeInIndex = 0; path = Pods_AlgorithmsAndDataStructures.framework; sourceTree = BUILT_PRODUCTS_DIR; };
		931AD845268A44E636B73D94 /* Pods_AlgorithmsAndDataStructuresTests.framework */ = {isa = PBXFileReference; explicitFileType = wrapper.framework; includeInIndex = 0; path = Pods_AlgorithmsAndDataStructuresTests.framework; sourceTree = BUILT_PRODUCTS_DIR; };
		BE3542CC24BB3519AB701D20 /* Pods-AlgorithmsAndDataStructuresTests.debug.xcconfig */ = {isa = PBXFileReference; includeInIndex = 1; lastKnownFileType = text.xcconfig; name = "Pods-AlgorithmsAndDataStructuresTests.debug.xcconfig"; path = "Target Support Files/Pods-AlgorithmsAndDataStructuresTests/Pods-AlgorithmsAndDataStructuresTests.debug.xcconfig"; sourceTree = "<group>"; };
		E24F5A96B329F2AB64C0CDF0 /* Pods-AlgorithmsAndDataStructures.release.xcconfig */ = {isa = PBXFileReference; includeInIndex = 1; lastKnownFileType = text.xcconfig; name = "Pods-AlgorithmsAndDataStructures.release.xcconfig"; path = "Target Support Files/Pods-AlgorithmsAndDataStructures/Pods-AlgorithmsAndDataStructures.release.xcconfig"; sourceTree = "<group>"; };
/* End PBXFileReference section */

/* Begin PBXFrameworksBuildPhase section */
		57CB75C72304283100000035 /* Frameworks */ = {
			isa = PBXFrameworksBuildPhase;
			buildActionMask = 2147483647;
			files = (
				C4CA8FCAAED4C7421D91EC6A /* Pods_AlgorithmsAndDataStructures.framework in Frameworks */,
			);
			runOnlyForDeploymentPostprocessing = 0;
		};
		57CB75DB2304283200000035 /* Frameworks */ = {
			isa = PBXFrameworksBuildPhase;
			buildActionMask = 2147483647;
			files = (
				8441068D5E6BA5755153C973 /* Pods_AlgorithmsAndDataStructuresTests.framework in Frameworks */,
			);
			runOnlyForDeploymentPostprocessing = 0;
		};
/* End PBXFrameworksBuildPhase section */

/* Begin PBXGroup section */
		1C4150178DB3D2A543A09968 /* Frameworks */ = {
			isa = PBXGroup;
			children = (
				9112F1FEE1A5F124F36D52A8 /* Pods_AlgorithmsAndDataStructures.framework */,
				931AD845268A44E636B73D94 /* Pods_AlgorithmsAndDataStructuresTests.framework */,
			);
			name = Frameworks;
			sourceTree = "<group>";
		};
		572963AC231D02EA006A7A00 /* Lists */ = {
			isa = PBXGroup;
			children = (
				572963AD231D02F6006A7A00 /* Linked List */,
			);
			path = Lists;
			sourceTree = "<group>";
		};
		572963AD231D02F6006A7A00 /* Linked List */ = {
			isa = PBXGroup;
			children = (
				572963AF231D031B006A7A00 /* LinkedList.swift */,
			);
			path = "Linked List";
			sourceTree = "<group>";
		};
		572963B1231D032E006A7A00 /* Lists */ = {
			isa = PBXGroup;
			children = (
				572963B2231D0334006A7A00 /* Linked List */,
			);
			path = Lists;
			sourceTree = "<group>";
		};
		572963B2231D0334006A7A00 /* Linked List */ = {
			isa = PBXGroup;
			children = (
				572963B3231D0344006A7A00 /* LinkedListTests.swift */,
			);
			path = "Linked List";
			sourceTree = "<group>";
		};
		57A133B7234CA744006BA47B /* Containers */ = {
			isa = PBXGroup;
			children = (
				57A133B9234CA758006BA47B /* Stack */,
			);
			path = Containers;
			sourceTree = "<group>";
		};
		57A133B8234CA752006BA47B /* Containers */ = {
			isa = PBXGroup;
			children = (
				57A133BA234CA75E006BA47B /* Stack */,
			);
			path = Containers;
			sourceTree = "<group>";
		};
		57A133B9234CA758006BA47B /* Stack */ = {
			isa = PBXGroup;
			children = (
				57A133BB234CA776006BA47B /* Stack.swift */,
			);
			path = Stack;
			sourceTree = "<group>";
		};
		57A133BA234CA75E006BA47B /* Stack */ = {
			isa = PBXGroup;
			children = (
				57A133BF234CA78F006BA47B /* StackTests.swift */,
			);
			path = Stack;
			sourceTree = "<group>";
		};
		57A6DFBB230D213B0090B420 /* Bubble Sort */ = {
			isa = PBXGroup;
			children = (
				57A6DFBC230D214D0090B420 /* Array+BubbleSort.swift */,
			);
			path = "Bubble Sort";
			sourceTree = "<group>";
		};
		57A6DFBE230D216D0090B420 /* Bubble Sort */ = {
			isa = PBXGroup;
			children = (
				57A6DFBF230D21900090B420 /* ArrayBubbleSortTests.swift */,
			);
			path = "Bubble Sort";
			sourceTree = "<group>";
		};
		57CB75C12304283100000035 = {
			isa = PBXGroup;
			children = (
				57CB75CC2304283100000035 /* AlgorithmsAndDataStructures */,
				57CB75E12304283200000035 /* AlgorithmsAndDataStructuresTests */,
				57CB75CB2304283100000035 /* Products */,
				C5C08CA2EA1C829D6F6B2FB3 /* Pods */,
				1C4150178DB3D2A543A09968 /* Frameworks */,
			);
			sourceTree = "<group>";
		};
		57CB75CB2304283100000035 /* Products */ = {
			isa = PBXGroup;
			children = (
				57CB75CA2304283100000035 /* AlgorithmsAndDataStructures.app */,
				57CB75DE2304283200000035 /* AlgorithmsAndDataStructuresTests.xctest */,
			);
			name = Products;
			sourceTree = "<group>";
		};
		57CB75CC2304283100000035 /* AlgorithmsAndDataStructures */ = {
			isa = PBXGroup;
			children = (
				57CB760523042E8700000035 /* AppDelegate */,
				57CB75FA230428BE00000035 /* Data Structures */,
				57CB75F9230428B200000035 /* Algorithms */,
				57CB75ED2304287100000035 /* Resources */,
			);
			path = AlgorithmsAndDataStructures;
			sourceTree = "<group>";
		};
		57CB75E12304283200000035 /* AlgorithmsAndDataStructuresTests */ = {
			isa = PBXGroup;
			children = (
				57CB75FD230428DE00000035 /* Data Structures */,
				57CB75FC230428D700000035 /* Algorithms */,
				57CB75E42304283200000035 /* Info.plist */,
			);
			path = AlgorithmsAndDataStructuresTests;
			sourceTree = "<group>";
		};
		57CB75ED2304287100000035 /* Resources */ = {
			isa = PBXGroup;
			children = (
				57CB75F62304289E00000035 /* LaunchScreen.storyboard */,
				57CB75EF2304289300000035 /* Assets.xcassets */,
				57CB75EE2304289300000035 /* Info.plist */,
			);
			path = Resources;
			sourceTree = "<group>";
		};
		57CB75F9230428B200000035 /* Algorithms */ = {
			isa = PBXGroup;
			children = (
				57DDB24D2317FBAB00B839DA /* Search */,
				57DCB6D2230BDD42007AEE63 /* Sorting */,
			);
			path = Algorithms;
			sourceTree = "<group>";
		};
		57CB75FA230428BE00000035 /* Data Structures */ = {
			isa = PBXGroup;
			children = (
				57A133B7234CA744006BA47B /* Containers */,
				572963AC231D02EA006A7A00 /* Lists */,
			);
			path = "Data Structures";
			sourceTree = "<group>";
		};
		57CB75FC230428D700000035 /* Algorithms */ = {
			isa = PBXGroup;
			children = (
				57DDB2512317FD2E00B839DA /* Search */,
				57DCB6D3230BDD55007AEE63 /* Sorting */,
			);
			path = Algorithms;
			sourceTree = "<group>";
		};
		57CB75FD230428DE00000035 /* Data Structures */ = {
			isa = PBXGroup;
			children = (
				57A133B8234CA752006BA47B /* Containers */,
				572963B1231D032E006A7A00 /* Lists */,
			);
			path = "Data Structures";
			sourceTree = "<group>";
		};
		57CB75FF23042BAD00000035 /* Insertion Sort */ = {
			isa = PBXGroup;
			children = (
				57CB760023042BDC00000035 /* Array+InsertionSort.swift */,
			);
			path = "Insertion Sort";
			sourceTree = "<group>";
		};
		57CB760223042CC700000035 /* Insertion Sort */ = {
			isa = PBXGroup;
			children = (
				57CB760323042CE300000035 /* ArrayInsertionSortTests.swift */,
			);
			path = "Insertion Sort";
			sourceTree = "<group>";
		};
		57CB760523042E8700000035 /* AppDelegate */ = {
			isa = PBXGroup;
			children = (
				57CB760623042EAB00000035 /* main.swift */,
				57CB75CD2304283100000035 /* AppDelegate.swift */,
			);
			path = AppDelegate;
			sourceTree = "<group>";
		};
		57D724A42315649E002A215A /* Selection Sort */ = {
			isa = PBXGroup;
			children = (
				57D724A5231564B3002A215A /* Array+SelectionSort.swift */,
			);
			path = "Selection Sort";
			sourceTree = "<group>";
		};
		57D724A7231564F1002A215A /* Selection Sort */ = {
			isa = PBXGroup;
			children = (
				57D724A82315650B002A215A /* ArraySelectionSortTests.swift */,
			);
			path = "Selection Sort";
			sourceTree = "<group>";
		};
		57DCB6CB230BD4B0007AEE63 /* Merge Sort */ = {
			isa = PBXGroup;
			children = (
				57DCB6CC230BD4CF007AEE63 /* Array+MergeSort.swift */,
			);
			path = "Merge Sort";
			sourceTree = "<group>";
		};
		57DCB6CE230BD4EF007AEE63 /* MergeSort */ = {
			isa = PBXGroup;
			children = (
				57DCB6CF230BD538007AEE63 /* ArrayMergeSortTests.swift */,
			);
			path = MergeSort;
			sourceTree = "<group>";
		};
		57DCB6D2230BDD42007AEE63 /* Sorting */ = {
			isa = PBXGroup;
			children = (
				57D724A42315649E002A215A /* Selection Sort */,
				57A6DFBB230D213B0090B420 /* Bubble Sort */,
				57DCB6CB230BD4B0007AEE63 /* Merge Sort */,
				57CB75FF23042BAD00000035 /* Insertion Sort */,
			);
			path = Sorting;
			sourceTree = "<group>";
		};
		57DCB6D3230BDD55007AEE63 /* Sorting */ = {
			isa = PBXGroup;
			children = (
				57DCB6D4230BDD77007AEE63 /* SortingArrayTests.swift */,
				57D724A7231564F1002A215A /* Selection Sort */,
				57A6DFBE230D216D0090B420 /* Bubble Sort */,
				57DCB6CE230BD4EF007AEE63 /* MergeSort */,
				57CB760223042CC700000035 /* Insertion Sort */,
			);
			path = Sorting;
			sourceTree = "<group>";
		};
		57DDB24D2317FBAB00B839DA /* Search */ = {
			isa = PBXGroup;
			children = (
				57DDB24E2317FBD300B839DA /* Collection */,
			);
			path = Search;
			sourceTree = "<group>";
		};
		57DDB24E2317FBD300B839DA /* Collection */ = {
			isa = PBXGroup;
			children = (
				57DDB24F2317FBF800B839DA /* Collection+FindMatch.swift */,
			);
			path = Collection;
			sourceTree = "<group>";
		};
		57DDB2512317FD2E00B839DA /* Search */ = {
			isa = PBXGroup;
			children = (
				57DDB2522317FD3500B839DA /* Collection */,
			);
			path = Search;
			sourceTree = "<group>";
		};
		57DDB2522317FD3500B839DA /* Collection */ = {
			isa = PBXGroup;
			children = (
				57DDB2532317FD4600B839DA /* CollectionFindMatchTests.swift */,
			);
			path = Collection;
			sourceTree = "<group>";
		};
		C5C08CA2EA1C829D6F6B2FB3 /* Pods */ = {
			isa = PBXGroup;
			children = (
				7900D667DEABFE2D80CC85A5 /* Pods-AlgorithmsAndDataStructures.debug.xcconfig */,
				E24F5A96B329F2AB64C0CDF0 /* Pods-AlgorithmsAndDataStructures.release.xcconfig */,
				BE3542CC24BB3519AB701D20 /* Pods-AlgorithmsAndDataStructuresTests.debug.xcconfig */,
				7BC25CE143F0373658FED756 /* Pods-AlgorithmsAndDataStructuresTests.release.xcconfig */,
			);
			path = Pods;
			sourceTree = "<group>";
		};
/* End PBXGroup section */

/* Begin PBXNativeTarget section */
		57CB75C92304283100000035 /* AlgorithmsAndDataStructures */ = {
			isa = PBXNativeTarget;
			buildConfigurationList = 57CB75E72304283200000035 /* Build configuration list for PBXNativeTarget "AlgorithmsAndDataStructures" */;
			buildPhases = (
				EDF32A935C68572B1D129403 /* [CP] Check Pods Manifest.lock */,
				57CB75C62304283100000035 /* Sources */,
				57CB75C72304283100000035 /* Frameworks */,
				57CB75C82304283100000035 /* Resources */,
				57CB75FE23042B1000000035 /* Swiftlint */,
			);
			buildRules = (
			);
			dependencies = (
			);
			name = AlgorithmsAndDataStructures;
			productName = AlgorithmsAndDataStructures;
			productReference = 57CB75CA2304283100000035 /* AlgorithmsAndDataStructures.app */;
			productType = "com.apple.product-type.application";
		};
		57CB75DD2304283200000035 /* AlgorithmsAndDataStructuresTests */ = {
			isa = PBXNativeTarget;
			buildConfigurationList = 57CB75EA2304283200000035 /* Build configuration list for PBXNativeTarget "AlgorithmsAndDataStructuresTests" */;
			buildPhases = (
				BFB3A460C4E510051EB7C66C /* [CP] Check Pods Manifest.lock */,
				57CB75DA2304283200000035 /* Sources */,
				57CB75DB2304283200000035 /* Frameworks */,
				57CB75DC2304283200000035 /* Resources */,
			);
			buildRules = (
			);
			dependencies = (
				57CB75E02304283200000035 /* PBXTargetDependency */,
			);
			name = AlgorithmsAndDataStructuresTests;
			productName = AlgorithmsAndDataStructuresTests;
			productReference = 57CB75DE2304283200000035 /* AlgorithmsAndDataStructuresTests.xctest */;
			productType = "com.apple.product-type.bundle.unit-test";
		};
/* End PBXNativeTarget section */

/* Begin PBXProject section */
		57CB75C22304283100000035 /* Project object */ = {
			isa = PBXProject;
			attributes = {
				LastSwiftUpdateCheck = 1030;
				LastUpgradeCheck = 1030;
				ORGANIZATIONNAME = "Евгений";
				TargetAttributes = {
					57CB75C92304283100000035 = {
						CreatedOnToolsVersion = 10.3;
					};
					57CB75DD2304283200000035 = {
						CreatedOnToolsVersion = 10.3;
						LastSwiftMigration = 1030;
						TestTargetID = 57CB75C92304283100000035;
					};
				};
			};
			buildConfigurationList = 57CB75C52304283100000035 /* Build configuration list for PBXProject "AlgorithmsAndDataStructures" */;
			compatibilityVersion = "Xcode 9.3";
			developmentRegion = en;
			hasScannedForEncodings = 0;
			knownRegions = (
				en,
				Base,
			);
			mainGroup = 57CB75C12304283100000035;
			productRefGroup = 57CB75CB2304283100000035 /* Products */;
			projectDirPath = "";
			projectRoot = "";
			targets = (
				57CB75C92304283100000035 /* AlgorithmsAndDataStructures */,
				57CB75DD2304283200000035 /* AlgorithmsAndDataStructuresTests */,
			);
		};
/* End PBXProject section */

/* Begin PBXResourcesBuildPhase section */
		57CB75C82304283100000035 /* Resources */ = {
			isa = PBXResourcesBuildPhase;
			buildActionMask = 2147483647;
			files = (
				57CB75F82304289E00000035 /* LaunchScreen.storyboard in Resources */,
				57CB75F42304289300000035 /* Assets.xcassets in Resources */,
			);
			runOnlyForDeploymentPostprocessing = 0;
		};
		57CB75DC2304283200000035 /* Resources */ = {
			isa = PBXResourcesBuildPhase;
			buildActionMask = 2147483647;
			files = (
			);
			runOnlyForDeploymentPostprocessing = 0;
		};
/* End PBXResourcesBuildPhase section */

/* Begin PBXShellScriptBuildPhase section */
		57CB75FE23042B1000000035 /* Swiftlint */ = {
			isa = PBXShellScriptBuildPhase;
			buildActionMask = 2147483647;
			files = (
			);
			inputFileListPaths = (
			);
			inputPaths = (
			);
			name = Swiftlint;
			outputFileListPaths = (
			);
			outputPaths = (
			);
			runOnlyForDeploymentPostprocessing = 0;
			shellPath = /bin/sh;
			shellScript = "${PODS_ROOT}/SwiftLint/swiftlint\n";
		};
		BFB3A460C4E510051EB7C66C /* [CP] Check Pods Manifest.lock */ = {
			isa = PBXShellScriptBuildPhase;
			buildActionMask = 2147483647;
			files = (
			);
			inputFileListPaths = (
			);
			inputPaths = (
				"${PODS_PODFILE_DIR_PATH}/Podfile.lock",
				"${PODS_ROOT}/Manifest.lock",
			);
			name = "[CP] Check Pods Manifest.lock";
			outputFileListPaths = (
			);
			outputPaths = (
				"$(DERIVED_FILE_DIR)/Pods-AlgorithmsAndDataStructuresTests-checkManifestLockResult.txt",
			);
			runOnlyForDeploymentPostprocessing = 0;
			shellPath = /bin/sh;
			shellScript = "diff \"${PODS_PODFILE_DIR_PATH}/Podfile.lock\" \"${PODS_ROOT}/Manifest.lock\" > /dev/null\nif [ $? != 0 ] ; then\n    # print error to STDERR\n    echo \"error: The sandbox is not in sync with the Podfile.lock. Run 'pod install' or update your CocoaPods installation.\" >&2\n    exit 1\nfi\n# This output is used by Xcode 'outputs' to avoid re-running this script phase.\necho \"SUCCESS\" > \"${SCRIPT_OUTPUT_FILE_0}\"\n";
			showEnvVarsInLog = 0;
		};
		EDF32A935C68572B1D129403 /* [CP] Check Pods Manifest.lock */ = {
			isa = PBXShellScriptBuildPhase;
			buildActionMask = 2147483647;
			files = (
			);
			inputFileListPaths = (
			);
			inputPaths = (
				"${PODS_PODFILE_DIR_PATH}/Podfile.lock",
				"${PODS_ROOT}/Manifest.lock",
			);
			name = "[CP] Check Pods Manifest.lock";
			outputFileListPaths = (
			);
			outputPaths = (
				"$(DERIVED_FILE_DIR)/Pods-AlgorithmsAndDataStructures-checkManifestLockResult.txt",
			);
			runOnlyForDeploymentPostprocessing = 0;
			shellPath = /bin/sh;
			shellScript = "diff \"${PODS_PODFILE_DIR_PATH}/Podfile.lock\" \"${PODS_ROOT}/Manifest.lock\" > /dev/null\nif [ $? != 0 ] ; then\n    # print error to STDERR\n    echo \"error: The sandbox is not in sync with the Podfile.lock. Run 'pod install' or update your CocoaPods installation.\" >&2\n    exit 1\nfi\n# This output is used by Xcode 'outputs' to avoid re-running this script phase.\necho \"SUCCESS\" > \"${SCRIPT_OUTPUT_FILE_0}\"\n";
			showEnvVarsInLog = 0;
		};
/* End PBXShellScriptBuildPhase section */

/* Begin PBXSourcesBuildPhase section */
		57CB75C62304283100000035 /* Sources */ = {
			isa = PBXSourcesBuildPhase;
			buildActionMask = 2147483647;
			files = (
				57D724A6231564B3002A215A /* Array+SelectionSort.swift in Sources */,
				57A133BC234CA776006BA47B /* Stack.swift in Sources */,
				57CB75CE2304283100000035 /* AppDelegate.swift in Sources */,
				57A6DFBD230D214D0090B420 /* Array+BubbleSort.swift in Sources */,
				57CB760123042BDC00000035 /* Array+InsertionSort.swift in Sources */,
				57DCB6CD230BD4CF007AEE63 /* Array+MergeSort.swift in Sources */,
				57DDB2502317FBF800B839DA /* Collection+FindMatch.swift in Sources */,
				572963B0231D031B006A7A00 /* LinkedList.swift in Sources */,
				57CB760723042EAB00000035 /* main.swift in Sources */,
			);
			runOnlyForDeploymentPostprocessing = 0;
		};
		57CB75DA2304283200000035 /* Sources */ = {
			isa = PBXSourcesBuildPhase;
			buildActionMask = 2147483647;
			files = (
				57DCB6D5230BDD77007AEE63 /* SortingArrayTests.swift in Sources */,
				57DCB6D0230BD538007AEE63 /* ArrayMergeSortTests.swift in Sources */,
				57D724A92315650B002A215A /* ArraySelectionSortTests.swift in Sources */,
				57CB760423042CE300000035 /* ArrayInsertionSortTests.swift in Sources */,
				57A133C0234CA78F006BA47B /* StackTests.swift in Sources */,
				572963B4231D0344006A7A00 /* LinkedListTests.swift in Sources */,
				57DDB2542317FD4600B839DA /* CollectionFindMatchTests.swift in Sources */,
				57A6DFC0230D21900090B420 /* ArrayBubbleSortTests.swift in Sources */,
			);
			runOnlyForDeploymentPostprocessing = 0;
		};
/* End PBXSourcesBuildPhase section */

/* Begin PBXTargetDependency section */
		57CB75E02304283200000035 /* PBXTargetDependency */ = {
			isa = PBXTargetDependency;
			target = 57CB75C92304283100000035 /* AlgorithmsAndDataStructures */;
			targetProxy = 57CB75DF2304283200000035 /* PBXContainerItemProxy */;
		};
/* End PBXTargetDependency section */

/* Begin PBXVariantGroup section */
		57CB75F62304289E00000035 /* LaunchScreen.storyboard */ = {
			isa = PBXVariantGroup;
			children = (
				57CB75F72304289E00000035 /* Base */,
			);
			name = LaunchScreen.storyboard;
			sourceTree = "<group>";
		};
/* End PBXVariantGroup section */

/* Begin XCBuildConfiguration section */
		57CB75E52304283200000035 /* Debug */ = {
			isa = XCBuildConfiguration;
			buildSettings = {
				ALWAYS_SEARCH_USER_PATHS = NO;
				CLANG_ANALYZER_NONNULL = YES;
				CLANG_ANALYZER_NUMBER_OBJECT_CONVERSION = YES_AGGRESSIVE;
				CLANG_CXX_LANGUAGE_STANDARD = "gnu++14";
				CLANG_CXX_LIBRARY = "libc++";
				CLANG_ENABLE_MODULES = YES;
				CLANG_ENABLE_OBJC_ARC = YES;
				CLANG_ENABLE_OBJC_WEAK = YES;
				CLANG_WARN_BLOCK_CAPTURE_AUTORELEASING = YES;
				CLANG_WARN_BOOL_CONVERSION = YES;
				CLANG_WARN_COMMA = YES;
				CLANG_WARN_CONSTANT_CONVERSION = YES;
				CLANG_WARN_DEPRECATED_OBJC_IMPLEMENTATIONS = YES;
				CLANG_WARN_DIRECT_OBJC_ISA_USAGE = YES_ERROR;
				CLANG_WARN_DOCUMENTATION_COMMENTS = YES;
				CLANG_WARN_EMPTY_BODY = YES;
				CLANG_WARN_ENUM_CONVERSION = YES;
				CLANG_WARN_INFINITE_RECURSION = YES;
				CLANG_WARN_INT_CONVERSION = YES;
				CLANG_WARN_NON_LITERAL_NULL_CONVERSION = YES;
				CLANG_WARN_OBJC_IMPLICIT_RETAIN_SELF = YES;
				CLANG_WARN_OBJC_LITERAL_CONVERSION = YES;
				CLANG_WARN_OBJC_ROOT_CLASS = YES_ERROR;
				CLANG_WARN_RANGE_LOOP_ANALYSIS = YES;
				CLANG_WARN_STRICT_PROTOTYPES = YES;
				CLANG_WARN_SUSPICIOUS_MOVE = YES;
				CLANG_WARN_UNGUARDED_AVAILABILITY = YES_AGGRESSIVE;
				CLANG_WARN_UNREACHABLE_CODE = YES;
				CLANG_WARN__DUPLICATE_METHOD_MATCH = YES;
				CODE_SIGN_IDENTITY = "iPhone Developer";
				COPY_PHASE_STRIP = NO;
				DEBUG_INFORMATION_FORMAT = dwarf;
				ENABLE_STRICT_OBJC_MSGSEND = YES;
				ENABLE_TESTABILITY = YES;
				GCC_C_LANGUAGE_STANDARD = gnu11;
				GCC_DYNAMIC_NO_PIC = NO;
				GCC_NO_COMMON_BLOCKS = YES;
				GCC_OPTIMIZATION_LEVEL = 0;
				GCC_PREPROCESSOR_DEFINITIONS = (
					"DEBUG=1",
					"$(inherited)",
				);
				GCC_WARN_64_TO_32_BIT_CONVERSION = YES;
				GCC_WARN_ABOUT_RETURN_TYPE = YES_ERROR;
				GCC_WARN_UNDECLARED_SELECTOR = YES;
				GCC_WARN_UNINITIALIZED_AUTOS = YES_AGGRESSIVE;
				GCC_WARN_UNUSED_FUNCTION = YES;
				GCC_WARN_UNUSED_VARIABLE = YES;
				IPHONEOS_DEPLOYMENT_TARGET = 13.0;
				MTL_ENABLE_DEBUG_INFO = INCLUDE_SOURCE;
				MTL_FAST_MATH = YES;
				ONLY_ACTIVE_ARCH = YES;
				SDKROOT = iphoneos;
				SWIFT_ACTIVE_COMPILATION_CONDITIONS = DEBUG;
				SWIFT_OPTIMIZATION_LEVEL = "-Onone";
				SWIFT_VERSION = 5.0;
			};
			name = Debug;
		};
		57CB75E62304283200000035 /* Release */ = {
			isa = XCBuildConfiguration;
			buildSettings = {
				ALWAYS_SEARCH_USER_PATHS = NO;
				CLANG_ANALYZER_NONNULL = YES;
				CLANG_ANALYZER_NUMBER_OBJECT_CONVERSION = YES_AGGRESSIVE;
				CLANG_CXX_LANGUAGE_STANDARD = "gnu++14";
				CLANG_CXX_LIBRARY = "libc++";
				CLANG_ENABLE_MODULES = YES;
				CLANG_ENABLE_OBJC_ARC = YES;
				CLANG_ENABLE_OBJC_WEAK = YES;
				CLANG_WARN_BLOCK_CAPTURE_AUTORELEASING = YES;
				CLANG_WARN_BOOL_CONVERSION = YES;
				CLANG_WARN_COMMA = YES;
				CLANG_WARN_CONSTANT_CONVERSION = YES;
				CLANG_WARN_DEPRECATED_OBJC_IMPLEMENTATIONS = YES;
				CLANG_WARN_DIRECT_OBJC_ISA_USAGE = YES_ERROR;
				CLANG_WARN_DOCUMENTATION_COMMENTS = YES;
				CLANG_WARN_EMPTY_BODY = YES;
				CLANG_WARN_ENUM_CONVERSION = YES;
				CLANG_WARN_INFINITE_RECURSION = YES;
				CLANG_WARN_INT_CONVERSION = YES;
				CLANG_WARN_NON_LITERAL_NULL_CONVERSION = YES;
				CLANG_WARN_OBJC_IMPLICIT_RETAIN_SELF = YES;
				CLANG_WARN_OBJC_LITERAL_CONVERSION = YES;
				CLANG_WARN_OBJC_ROOT_CLASS = YES_ERROR;
				CLANG_WARN_RANGE_LOOP_ANALYSIS = YES;
				CLANG_WARN_STRICT_PROTOTYPES = YES;
				CLANG_WARN_SUSPICIOUS_MOVE = YES;
				CLANG_WARN_UNGUARDED_AVAILABILITY = YES_AGGRESSIVE;
				CLANG_WARN_UNREACHABLE_CODE = YES;
				CLANG_WARN__DUPLICATE_METHOD_MATCH = YES;
				CODE_SIGN_IDENTITY = "iPhone Developer";
				COPY_PHASE_STRIP = NO;
				DEBUG_INFORMATION_FORMAT = "dwarf-with-dsym";
				ENABLE_NS_ASSERTIONS = NO;
				ENABLE_STRICT_OBJC_MSGSEND = YES;
				GCC_C_LANGUAGE_STANDARD = gnu11;
				GCC_NO_COMMON_BLOCKS = YES;
				GCC_WARN_64_TO_32_BIT_CONVERSION = YES;
				GCC_WARN_ABOUT_RETURN_TYPE = YES_ERROR;
				GCC_WARN_UNDECLARED_SELECTOR = YES;
				GCC_WARN_UNINITIALIZED_AUTOS = YES_AGGRESSIVE;
				GCC_WARN_UNUSED_FUNCTION = YES;
				GCC_WARN_UNUSED_VARIABLE = YES;
				IPHONEOS_DEPLOYMENT_TARGET = 13.0;
				MTL_ENABLE_DEBUG_INFO = NO;
				MTL_FAST_MATH = YES;
				SDKROOT = iphoneos;
				SWIFT_COMPILATION_MODE = wholemodule;
				SWIFT_OPTIMIZATION_LEVEL = "-O";
				SWIFT_VERSION = 5.0;
				VALIDATE_PRODUCT = YES;
			};
			name = Release;
		};
		57CB75E82304283200000035 /* Debug */ = {
			isa = XCBuildConfiguration;
			baseConfigurationReference = 7900D667DEABFE2D80CC85A5 /* Pods-AlgorithmsAndDataStructures.debug.xcconfig */;
			buildSettings = {
				ASSETCATALOG_COMPILER_APPICON_NAME = AppIcon;
				CODE_SIGN_STYLE = Automatic;
				DEVELOPMENT_TEAM = 9MA99D78MA;
				INFOPLIST_FILE = "$(SRCROOT)/AlgorithmsAndDataStructures/Resources/Info.plist";
				IPHONEOS_DEPLOYMENT_TARGET = 13.0;
				LD_RUNPATH_SEARCH_PATHS = (
					"$(inherited)",
					"@executable_path/Frameworks",
				);
				PRODUCT_BUNDLE_IDENTIFIER = YL.AlgorithmsAndDataStructures;
				PRODUCT_NAME = "$(TARGET_NAME)";
				SWIFT_VERSION = 5.0;
				TARGETED_DEVICE_FAMILY = 1;
			};
			name = Debug;
		};
		57CB75E92304283200000035 /* Release */ = {
			isa = XCBuildConfiguration;
			baseConfigurationReference = E24F5A96B329F2AB64C0CDF0 /* Pods-AlgorithmsAndDataStructures.release.xcconfig */;
			buildSettings = {
				ASSETCATALOG_COMPILER_APPICON_NAME = AppIcon;
				CODE_SIGN_STYLE = Automatic;
				DEVELOPMENT_TEAM = 9MA99D78MA;
				INFOPLIST_FILE = "$(SRCROOT)/AlgorithmsAndDataStructures/Resources/Info.plist";
				IPHONEOS_DEPLOYMENT_TARGET = 13.0;
				LD_RUNPATH_SEARCH_PATHS = (
					"$(inherited)",
					"@executable_path/Frameworks",
				);
				PRODUCT_BUNDLE_IDENTIFIER = YL.AlgorithmsAndDataStructures;
				PRODUCT_NAME = "$(TARGET_NAME)";
				SWIFT_VERSION = 5.0;
				TARGETED_DEVICE_FAMILY = 1;
			};
			name = Release;
		};
		57CB75EB2304283200000035 /* Debug */ = {
			isa = XCBuildConfiguration;
			baseConfigurationReference = BE3542CC24BB3519AB701D20 /* Pods-AlgorithmsAndDataStructuresTests.debug.xcconfig */;
			buildSettings = {
				ALWAYS_EMBED_SWIFT_STANDARD_LIBRARIES = YES;
				BUNDLE_LOADER = "$(TEST_HOST)";
				CLANG_ENABLE_MODULES = YES;
				CODE_SIGN_STYLE = Automatic;
				INFOPLIST_FILE = AlgorithmsAndDataStructuresTests/Info.plist;
				LD_RUNPATH_SEARCH_PATHS = (
					"$(inherited)",
					"@executable_path/Frameworks",
					"@loader_path/Frameworks",
				);
				PRODUCT_BUNDLE_IDENTIFIER = YL.AlgorithmsAndDataStructuresTests;
				PRODUCT_NAME = "$(TARGET_NAME)";
				SWIFT_OPTIMIZATION_LEVEL = "-Onone";
				SWIFT_VERSION = 5.0;
				TARGETED_DEVICE_FAMILY = "1,2";
				TEST_HOST = "$(BUILT_PRODUCTS_DIR)/AlgorithmsAndDataStructures.app/AlgorithmsAndDataStructures";
			};
			name = Debug;
		};
		57CB75EC2304283200000035 /* Release */ = {
			isa = XCBuildConfiguration;
			baseConfigurationReference = 7BC25CE143F0373658FED756 /* Pods-AlgorithmsAndDataStructuresTests.release.xcconfig */;
			buildSettings = {
				ALWAYS_EMBED_SWIFT_STANDARD_LIBRARIES = YES;
				BUNDLE_LOADER = "$(TEST_HOST)";
				CLANG_ENABLE_MODULES = YES;
				CODE_SIGN_STYLE = Automatic;
				INFOPLIST_FILE = AlgorithmsAndDataStructuresTests/Info.plist;
				LD_RUNPATH_SEARCH_PATHS = (
					"$(inherited)",
					"@executable_path/Frameworks",
					"@loader_path/Frameworks",
				);
				PRODUCT_BUNDLE_IDENTIFIER = YL.AlgorithmsAndDataStructuresTests;
				PRODUCT_NAME = "$(TARGET_NAME)";
				SWIFT_VERSION = 5.0;
				TARGETED_DEVICE_FAMILY = "1,2";
				TEST_HOST = "$(BUILT_PRODUCTS_DIR)/AlgorithmsAndDataStructures.app/AlgorithmsAndDataStructures";
			};
			name = Release;
		};
/* End XCBuildConfiguration section */

/* Begin XCConfigurationList section */
		57CB75C52304283100000035 /* Build configuration list for PBXProject "AlgorithmsAndDataStructures" */ = {
			isa = XCConfigurationList;
			buildConfigurations = (
				57CB75E52304283200000035 /* Debug */,
				57CB75E62304283200000035 /* Release */,
			);
			defaultConfigurationIsVisible = 0;
			defaultConfigurationName = Release;
		};
		57CB75E72304283200000035 /* Build configuration list for PBXNativeTarget "AlgorithmsAndDataStructures" */ = {
			isa = XCConfigurationList;
			buildConfigurations = (
				57CB75E82304283200000035 /* Debug */,
				57CB75E92304283200000035 /* Release */,
			);
			defaultConfigurationIsVisible = 0;
			defaultConfigurationName = Release;
		};
		57CB75EA2304283200000035 /* Build configuration list for PBXNativeTarget "AlgorithmsAndDataStructuresTests" */ = {
			isa = XCConfigurationList;
			buildConfigurations = (
				57CB75EB2304283200000035 /* Debug */,
				57CB75EC2304283200000035 /* Release */,
			);
			defaultConfigurationIsVisible = 0;
			defaultConfigurationName = Release;
		};
/* End XCConfigurationList section */
	};
	rootObject = 57CB75C22304283100000035 /* Project object */;
}
